fileVersion: 1
id: 94400ef8-be84-1069-bf35-a1495640b02d
name: ODS_MOSAIC_CDM_ECONOMIC_CASE_LOCK
operation:
  config:
    disable_hwm: false
    insertStrategy: Merge
    postSQL: ""
    preSQL: ""
    testsEnabled: false
    truncateBefore: false
  database: EDW_DEV
  deployEnabled: true
  description: ""
  isMultisource: false
  locationName: DATA_STORE
  materializationType: table
  metadata:
    appliedNodeTests: []
    columns:
      - acceptedValues:
          strictMatch: true
          values: []
        appliedColumnTests: {}
        columnReference:
          columnCounter: 2677986a-050f-3ac8-d85422b478bd
          stepCounter: 94400ef8-be84-1069-bf35-a1495640b02d
        config:
          is_hd: true
        dataType: number(9)
        defaultValue: ""
        description: ""
        name: COMPANY_ID
        nullable: true
        primaryKey: false
        sourceColumnReferences:
          - columnReferences:
              - columnCounter: 6ed60ea6-e44e-4727-891a-571fc773f63c
                stepCounter: d594fcc5-0ee8-45be-9950-41b6780d75ab
            transform: ""
        uniqueKey: false
      - acceptedValues:
          strictMatch: true
          values: []
        appliedColumnTests: {}
        columnReference:
          columnCounter: 3f17d859-0f74-42f7-eefb8674a59f
          stepCounter: 94400ef8-be84-1069-bf35-a1495640b02d
        config:
          is_hd: true
        dataType: number(9)
        defaultValue: ""
        description: ""
        name: ECONOMIC_CASE_ID
        nullable: true
        primaryKey: false
        sourceColumnReferences:
          - columnReferences:
              - columnCounter: 343e609b-a356-4988-997a-d8d326528615
                stepCounter: d594fcc5-0ee8-45be-9950-41b6780d75ab
            transform: ""
        uniqueKey: false
      - acceptedValues:
          strictMatch: true
          values: []
        appliedColumnTests: {}
        columnReference:
          columnCounter: 9fbf2fef-f5a1-1ef0-56c7e43110d9
          stepCounter: 94400ef8-be84-1069-bf35-a1495640b02d
        config: {}
        dataType: number(9)
        defaultValue: ""
        description: ""
        isBusinessKey: true
        name: ECONOMIC_CASE_LOCK_ID
        nullable: true
        primaryKey: false
        sourceColumnReferences:
          - columnReferences:
              - columnCounter: f8509e0c-b25e-498e-9895-ef18bbc5a65d
                stepCounter: d594fcc5-0ee8-45be-9950-41b6780d75ab
            transform: ""
        uniqueKey: false
      - acceptedValues:
          strictMatch: true
          values: []
        appliedColumnTests: {}
        columnReference:
          columnCounter: 7565888b-3719-0ab2-6d039f4abed4
          stepCounter: 94400ef8-be84-1069-bf35-a1495640b02d
        config:
          is_hd: true
        dataType: timestamp
        defaultValue: ""
        description: ""
        name: LAST_MODIFIED_DATE
        nullable: true
        primaryKey: false
        sourceColumnReferences:
          - columnReferences:
              - columnCounter: 6c55dfdd-68bd-4a43-9bd6-29dd3161092e
                stepCounter: d594fcc5-0ee8-45be-9950-41b6780d75ab
            transform: ""
        uniqueKey: false
      - acceptedValues:
          strictMatch: true
          values: []
        appliedColumnTests: {}
        columnReference:
          columnCounter: c133775b-a0bd-6913-5cde57afc84d
          stepCounter: 94400ef8-be84-1069-bf35-a1495640b02d
        config:
          is_hd: true
        dataType: varchar(100)
        defaultValue: ""
        description: ""
        name: LAST_MODIFIED_BY_USER
        nullable: true
        primaryKey: false
        sourceColumnReferences:
          - columnReferences:
              - columnCounter: 47e84a19-e7de-4b2f-a240-4354d6e4c6be
                stepCounter: d594fcc5-0ee8-45be-9950-41b6780d75ab
            transform: ""
        uniqueKey: false
      - acceptedValues:
          strictMatch: true
          values: []
        appliedColumnTests: {}
        columnReference:
          columnCounter: 864db73b-0e88-7634-d048cff9b76c
          stepCounter: 94400ef8-be84-1069-bf35-a1495640b02d
        config: {}
        dataType: varchar(64)
        defaultValue: ""
        description: Record source.
        name: DSS_RECORD_SOURCE
        nullable: true
        primaryKey: false
        sourceColumnReferences:
          - columnReferences:
              - columnCounter: 0d2151f0-70d2-4c32-8ee6-cfb576f29a0c
                stepCounter: d594fcc5-0ee8-45be-9950-41b6780d75ab
            transform: ""
        uniqueKey: false
      - acceptedValues:
          strictMatch: true
          values: []
        appliedColumnTests: {}
        columnReference:
          columnCounter: e2e5dd61-accb-65e1-798ed5ced4bd
          stepCounter: 94400ef8-be84-1069-bf35-a1495640b02d
        config: {}
        dataType: timestamp
        defaultValue: ""
        description: Load date.
        name: DSS_LOAD_DATE
        nullable: true
        primaryKey: false
        sourceColumnReferences:
          - columnReferences:
              - columnCounter: 966f1847-006e-437a-a2ee-36ab593f79f8
                stepCounter: d594fcc5-0ee8-45be-9950-41b6780d75ab
            transform: ""
        uniqueKey: false
      - acceptedValues:
          strictMatch: true
          values: []
        appliedColumnTests: {}
        columnReference:
          columnCounter: 6c89217e-742d-a7c4-78d5e18c9b31
          stepCounter: 94400ef8-be84-1069-bf35-a1495640b02d
        config: {}
        dataType: char(1)
        defaultValue: ""
        description: Flag field to identify Deleted record
        name: DSS_DELETE_FLAG
        nullable: true
        primaryKey: false
        sourceColumnReferences:
          - columnReferences: []
            transform: ""
        uniqueKey: false
      - acceptedValues:
          strictMatch: true
          values: []
        appliedColumnTests: {}
        columnReference:
          columnCounter: 623c299e-16d3-cf22-a44671bf57ee
          stepCounter: 94400ef8-be84-1069-bf35-a1495640b02d
        config: {}
        dataType: TIMESTAMP
        defaultValue: ""
        description: Records time when record was set to Delete by the Load process
        name: DSS_DELETE_TIME
        nullable: true
        primaryKey: false
        sourceColumnReferences:
          - columnReferences: []
            transform: ""
        uniqueKey: false
      - acceptedValues:
          strictMatch: true
          values: []
        appliedColumnTests: {}
        columnReference:
          columnCounter: 46d7db8a-c566-99e0-8f499655e4bf
          stepCounter: 94400ef8-be84-1069-bf35-a1495640b02d
        config: {}
        dataType: TIMESTAMP
        defaultValue: CAST('1900-01-01 00:00:00' AS TIMESTAMP)
        description: Datetime a business key was started.
        name: DSS_START_DATE
        nullable: true
        primaryKey: false
        sourceColumnReferences:
          - columnReferences: []
            transform: ""
        uniqueKey: false
      - acceptedValues:
          strictMatch: true
          values: []
        appliedColumnTests: {}
        columnReference:
          columnCounter: edd5202e-d0ea-4e06-5b6d1a61e9c2
          stepCounter: 94400ef8-be84-1069-bf35-a1495640b02d
        config: {}
        dataType: TIMESTAMP
        defaultValue: CAST('2999-12-31 00:00:00' AS TIMESTAMP)
        description: Datetime a business key was retired.
        name: DSS_END_DATE
        nullable: true
        primaryKey: false
        sourceColumnReferences:
          - columnReferences: []
            transform: ""
        uniqueKey: false
      - acceptedValues:
          strictMatch: true
          values: []
        appliedColumnTests: {}
        columnReference:
          columnCounter: 91d9e3d8-fef2-f6e2-b22c7859468c
          stepCounter: 94400ef8-be84-1069-bf35-a1495640b02d
        config: {}
        dataType: CHAR(1)
        defaultValue: "'Y'"
        description: Flag to indicate the current (latest) version of a business key.
        name: DSS_CURRENT_FLAG
        nullable: true
        primaryKey: false
        sourceColumnReferences:
          - columnReferences: []
            transform: ""
        uniqueKey: false
      - acceptedValues:
          strictMatch: true
          values: []
        appliedColumnTests: {}
        columnReference:
          columnCounter: 5bfbf4ac-c17c-246a-54007c741909
          stepCounter: 94400ef8-be84-1069-bf35-a1495640b02d
        config: {}
        dataType: INTEGER
        defaultValue: "1"
        description: Version number of a business key.
        name: DSS_VERSION
        nullable: true
        primaryKey: false
        sourceColumnReferences:
          - columnReferences: []
            transform: ""
        uniqueKey: false
      - acceptedValues:
          strictMatch: true
          values: []
        appliedColumnTests: {}
        columnReference:
          columnCounter: 56bbfdc8-ed63-06a7-b850a75a08e6
          stepCounter: 94400ef8-be84-1069-bf35-a1495640b02d
        config: {}
        dataType: TIMESTAMP
        defaultValue: ""
        description: Date and time the row was created in the data warehouse.
        name: DSS_CREATE_TIME
        nullable: true
        primaryKey: false
        sourceColumnReferences:
          - columnReferences: []
            transform: ""
        uniqueKey: false
      - acceptedValues:
          strictMatch: true
          values: []
        appliedColumnTests: {}
        columnReference:
          columnCounter: 678005e7-9cf5-41cd-d309566a5711
          stepCounter: 94400ef8-be84-1069-bf35-a1495640b02d
        config: {}
        dataType: TIMESTAMP
        defaultValue: ""
        description: Date and time the row was updated in the data warehouse.
        name: DSS_UPDATE_TIME
        nullable: true
        primaryKey: false
        sourceColumnReferences:
          - columnReferences: []
            transform: ""
        uniqueKey: false
    cteString: ""
    enabledColumnTestIDs: []
    sourceMapping:
      - aliases:
          LOAD_MOSAIC_CDM_ECONOMIC_CASE_LOCK: d594fcc5-0ee8-45be-9950-41b6780d75ab
        customSQL:
          customSQL: ""
        dependencies:
          - locationName: WHERESCAPE_LOAD
            nodeName: LOAD_MOSAIC_CDM_ECONOMIC_CASE_LOCK
        join:
          joinCondition: |-
            FROM {{ ref('WHERESCAPE_LOAD', 'LOAD_MOSAIC_CDM_ECONOMIC_CASE_LOCK') }} "LOAD_MOSAIC_CDM_ECONOMIC_CASE_LOCK "
        name: ODS_MOSAIC_CDM_ECONOMIC_CASE_LOCK
        noLinkRefs: []
  name: ODS_MOSAIC_CDM_ECONOMIC_CASE_LOCK
  overrideSQL: false
  schema: CLS_DATA_STORE
  sqlType: "5"
  type: sql
  version: 1
type: Node
